
Microsoft Visual Studio Solution File, Format Version 12.00
Project("{FAE04EC0-301F-11D3-BF4B-00C04F79EFBC}") = "StreamSentry.Worker", "src\StreamSentry.Worker\StreamSentry.Worker.csproj", "{F1A2B1F9-F01E-4E97-AD1F-BD1C48B3EFBC}"
EndProject
Project("{2150E333-8FDC-42A3-9474-1A3956D46DE8}") = "Solution Items", "Solution Items", "{7759E401-ED1D-441A-90A7-F4DD888ED044}"
	ProjectSection(SolutionItems) = preProject
		docker-compose.yml = docker-compose.yml
		.editorconfig = .editorconfig
	EndProjectSection
EndProject
Project("{FAE04EC0-301F-11D3-BF4B-00C04F79EFBC}") = "StreamSentry.Core", "src\StreamSentry.Core\StreamSentry.Core.csproj", "{C4707C1F-32AB-4D52-A155-A90A2874B823}"
EndProject
Project("{FAE04EC0-301F-11D3-BF4B-00C04F79EFBC}") = "StreamSentry.Service", "src\StreamSentry.Service\StreamSentry.Service.csproj", "{89EB089A-F24A-4432-8FE0-EBD87281DF41}"
EndProject
Global
	GlobalSection(SolutionConfigurationPlatforms) = preSolution
		Debug|Any CPU = Debug|Any CPU
		Release|Any CPU = Release|Any CPU
	EndGlobalSection
	GlobalSection(ProjectConfigurationPlatforms) = postSolution
		{F1A2B1F9-F01E-4E97-AD1F-BD1C48B3EFBC}.Debug|Any CPU.ActiveCfg = Debug|Any CPU
		{F1A2B1F9-F01E-4E97-AD1F-BD1C48B3EFBC}.Debug|Any CPU.Build.0 = Debug|Any CPU
		{F1A2B1F9-F01E-4E97-AD1F-BD1C48B3EFBC}.Release|Any CPU.ActiveCfg = Release|Any CPU
		{F1A2B1F9-F01E-4E97-AD1F-BD1C48B3EFBC}.Release|Any CPU.Build.0 = Release|Any CPU
		{C4707C1F-32AB-4D52-A155-A90A2874B823}.Debug|Any CPU.ActiveCfg = Debug|Any CPU
		{C4707C1F-32AB-4D52-A155-A90A2874B823}.Debug|Any CPU.Build.0 = Debug|Any CPU
		{C4707C1F-32AB-4D52-A155-A90A2874B823}.Release|Any CPU.ActiveCfg = Release|Any CPU
		{C4707C1F-32AB-4D52-A155-A90A2874B823}.Release|Any CPU.Build.0 = Release|Any CPU
		{89EB089A-F24A-4432-8FE0-EBD87281DF41}.Debug|Any CPU.ActiveCfg = Debug|Any CPU
		{89EB089A-F24A-4432-8FE0-EBD87281DF41}.Debug|Any CPU.Build.0 = Debug|Any CPU
		{89EB089A-F24A-4432-8FE0-EBD87281DF41}.Release|Any CPU.ActiveCfg = Release|Any CPU
		{89EB089A-F24A-4432-8FE0-EBD87281DF41}.Release|Any CPU.Build.0 = Release|Any CPU
	EndGlobalSection
EndGlobal
